
Microsoft Visual Studio Solution File, Format Version 12.00
Project("{2150E333-8FDC-42A3-9474-1A3956D46DE8}") = "Application", "Application", "{70A4EC45-D2C0-4D3E-AD68-177A75FFF7A1}"
EndProject
Project("{2150E333-8FDC-42A3-9474-1A3956D46DE8}") = "Domain", "Domain", "{AB10BD90-66B3-49AB-9023-D042D4B0C200}"
EndProject
Project("{2150E333-8FDC-42A3-9474-1A3956D46DE8}") = "Infrastructure", "Infrastructure", "{3820636F-C1D0-4345-A6C8-257162593798}"
EndProject
Project("{FAE04EC0-301F-11D3-BF4B-00C04F79EFBC}") = "Presentation", "Presentation\Presentation.csproj", "{1ED80BD5-BA0A-4688-A474-CC3C557894DE}"
EndProject
Project("{FAE04EC0-301F-11D3-BF4B-00C04F79EFBC}") = "Infrastructure.DataAccess", "Infrastructure.DataAccess\Infrastructure.DataAccess.csproj", "{B3973621-E361-44EB-983C-0B7D5AF2E3C7}"
EndProject
Project("{FAE04EC0-301F-11D3-BF4B-00C04F79EFBC}") = "Domain", "Domain\Domain.csproj", "{C7D5805A-DD8D-41DF-896B-2AF0644CDA37}"
EndProject
Project("{FAE04EC0-301F-11D3-BF4B-00C04F79EFBC}") = "Application.Contracts", "Application\Application.Contracts\Application.Contracts.csproj", "{6563AE47-6122-4EED-B75E-E4D39664CBED}"
EndProject
Project("{FAE04EC0-301F-11D3-BF4B-00C04F79EFBC}") = "Application", "Application\Application\Application.csproj", "{0A95FFCF-0987-43F1-9D16-A5EBAB8EF986}"
EndProject
Project("{FAE04EC0-301F-11D3-BF4B-00C04F79EFBC}") = "Application.Dto", "Application\Application.Dto\Application.Dto.csproj", "{EBE4239D-EFE9-4180-AAC9-90F8072B04B0}"
EndProject
Project("{FAE04EC0-301F-11D3-BF4B-00C04F79EFBC}") = "Application.Abstractions", "Application\Application.Abstractions\Application.Abstractions.csproj", "{75935FDA-CA09-464E-A3BB-14E9FCA63B78}"
EndProject
Global
	GlobalSection(SolutionConfigurationPlatforms) = preSolution
		Debug|Any CPU = Debug|Any CPU
		Release|Any CPU = Release|Any CPU
	EndGlobalSection
	GlobalSection(ProjectConfigurationPlatforms) = postSolution
		{1ED80BD5-BA0A-4688-A474-CC3C557894DE}.Debug|Any CPU.ActiveCfg = Debug|Any CPU
		{1ED80BD5-BA0A-4688-A474-CC3C557894DE}.Debug|Any CPU.Build.0 = Debug|Any CPU
		{1ED80BD5-BA0A-4688-A474-CC3C557894DE}.Release|Any CPU.ActiveCfg = Release|Any CPU
		{1ED80BD5-BA0A-4688-A474-CC3C557894DE}.Release|Any CPU.Build.0 = Release|Any CPU
		{B3973621-E361-44EB-983C-0B7D5AF2E3C7}.Debug|Any CPU.ActiveCfg = Debug|Any CPU
		{B3973621-E361-44EB-983C-0B7D5AF2E3C7}.Debug|Any CPU.Build.0 = Debug|Any CPU
		{B3973621-E361-44EB-983C-0B7D5AF2E3C7}.Release|Any CPU.ActiveCfg = Release|Any CPU
		{B3973621-E361-44EB-983C-0B7D5AF2E3C7}.Release|Any CPU.Build.0 = Release|Any CPU
		{C7D5805A-DD8D-41DF-896B-2AF0644CDA37}.Debug|Any CPU.ActiveCfg = Debug|Any CPU
		{C7D5805A-DD8D-41DF-896B-2AF0644CDA37}.Debug|Any CPU.Build.0 = Debug|Any CPU
		{C7D5805A-DD8D-41DF-896B-2AF0644CDA37}.Release|Any CPU.ActiveCfg = Release|Any CPU
		{C7D5805A-DD8D-41DF-896B-2AF0644CDA37}.Release|Any CPU.Build.0 = Release|Any CPU
		{6563AE47-6122-4EED-B75E-E4D39664CBED}.Debug|Any CPU.ActiveCfg = Debug|Any CPU
		{6563AE47-6122-4EED-B75E-E4D39664CBED}.Debug|Any CPU.Build.0 = Debug|Any CPU
		{6563AE47-6122-4EED-B75E-E4D39664CBED}.Release|Any CPU.ActiveCfg = Release|Any CPU
		{6563AE47-6122-4EED-B75E-E4D39664CBED}.Release|Any CPU.Build.0 = Release|Any CPU
		{0A95FFCF-0987-43F1-9D16-A5EBAB8EF986}.Debug|Any CPU.ActiveCfg = Debug|Any CPU
		{0A95FFCF-0987-43F1-9D16-A5EBAB8EF986}.Debug|Any CPU.Build.0 = Debug|Any CPU
		{0A95FFCF-0987-43F1-9D16-A5EBAB8EF986}.Release|Any CPU.ActiveCfg = Release|Any CPU
		{0A95FFCF-0987-43F1-9D16-A5EBAB8EF986}.Release|Any CPU.Build.0 = Release|Any CPU
		{EBE4239D-EFE9-4180-AAC9-90F8072B04B0}.Debug|Any CPU.ActiveCfg = Debug|Any CPU
		{EBE4239D-EFE9-4180-AAC9-90F8072B04B0}.Debug|Any CPU.Build.0 = Debug|Any CPU
		{EBE4239D-EFE9-4180-AAC9-90F8072B04B0}.Release|Any CPU.ActiveCfg = Release|Any CPU
		{EBE4239D-EFE9-4180-AAC9-90F8072B04B0}.Release|Any CPU.Build.0 = Release|Any CPU
		{75935FDA-CA09-464E-A3BB-14E9FCA63B78}.Debug|Any CPU.ActiveCfg = Debug|Any CPU
		{75935FDA-CA09-464E-A3BB-14E9FCA63B78}.Debug|Any CPU.Build.0 = Debug|Any CPU
		{75935FDA-CA09-464E-A3BB-14E9FCA63B78}.Release|Any CPU.ActiveCfg = Release|Any CPU
		{75935FDA-CA09-464E-A3BB-14E9FCA63B78}.Release|Any CPU.Build.0 = Release|Any CPU
	EndGlobalSection
	GlobalSection(NestedProjects) = preSolution
		{B3973621-E361-44EB-983C-0B7D5AF2E3C7} = {3820636F-C1D0-4345-A6C8-257162593798}
		{C7D5805A-DD8D-41DF-896B-2AF0644CDA37} = {AB10BD90-66B3-49AB-9023-D042D4B0C200}
		{6563AE47-6122-4EED-B75E-E4D39664CBED} = {70A4EC45-D2C0-4D3E-AD68-177A75FFF7A1}
		{0A95FFCF-0987-43F1-9D16-A5EBAB8EF986} = {70A4EC45-D2C0-4D3E-AD68-177A75FFF7A1}
		{EBE4239D-EFE9-4180-AAC9-90F8072B04B0} = {70A4EC45-D2C0-4D3E-AD68-177A75FFF7A1}
		{75935FDA-CA09-464E-A3BB-14E9FCA63B78} = {70A4EC45-D2C0-4D3E-AD68-177A75FFF7A1}
	EndGlobalSection
EndGlobal
